
Microsoft Visual Studio Solution File, Format Version 12.00
# Visual Studio Version 16
VisualStudioVersion = 16.0.31829.152
MinimumVisualStudioVersion = 10.0.40219.1
Project("{FAE04EC0-301F-11D3-BF4B-00C04F79EFBC}") = "Slide2", "Slide2\Slide2.csproj", "{DAB57754-150F-49A9-95B9-3AA67CA7B592}"
EndProject
Global
	GlobalSection(SolutionConfigurationPlatforms) = preSolution
		Debug|Any CPU = Debug|Any CPU
		Release|Any CPU = Release|Any CPU
	EndGlobalSection
	GlobalSection(ProjectConfigurationPlatforms) = postSolution
		{DAB57754-150F-49A9-95B9-3AA67CA7B592}.Debug|Any CPU.ActiveCfg = Debug|Any CPU
		{DAB57754-150F-49A9-95B9-3AA67CA7B592}.Debug|Any CPU.Build.0 = Debug|Any CPU
		{DAB57754-150F-49A9-95B9-3AA67CA7B592}.Release|Any CPU.ActiveCfg = Release|Any CPU
		{DAB57754-150F-49A9-95B9-3AA67CA7B592}.Release|Any CPU.Build.0 = Release|Any CPU
	EndGlobalSection
	GlobalSection(SolutionProperties) = preSolution
		HideSolutionNode = FALSE
	EndGlobalSection
	GlobalSection(ExtensibilityGlobals) = postSolution
		SolutionGuid = {65DDB99E-1164-4898-8945-55E3EB751F33}
	EndGlobalSection
EndGlobal
