
Microsoft Visual Studio Solution File, Format Version 12.00
# Visual Studio Version 16
VisualStudioVersion = 16.0.31829.152
MinimumVisualStudioVersion = 10.0.40219.1
Project("{FAE04EC0-301F-11D3-BF4B-00C04F79EFBC}") = "bai3", "bai3\bai3.csproj", "{C22E9B43-F858-4312-9506-EA8B2728E842}"
EndProject
Global
	GlobalSection(SolutionConfigurationPlatforms) = preSolution
		Debug|Any CPU = Debug|Any CPU
		Release|Any CPU = Release|Any CPU
	EndGlobalSection
	GlobalSection(ProjectConfigurationPlatforms) = postSolution
		{C22E9B43-F858-4312-9506-EA8B2728E842}.Debug|Any CPU.ActiveCfg = Debug|Any CPU
		{C22E9B43-F858-4312-9506-EA8B2728E842}.Debug|Any CPU.Build.0 = Debug|Any CPU
		{C22E9B43-F858-4312-9506-EA8B2728E842}.Release|Any CPU.ActiveCfg = Release|Any CPU
		{C22E9B43-F858-4312-9506-EA8B2728E842}.Release|Any CPU.Build.0 = Release|Any CPU
	EndGlobalSection
	GlobalSection(SolutionProperties) = preSolution
		HideSolutionNode = FALSE
	EndGlobalSection
	GlobalSection(ExtensibilityGlobals) = postSolution
		SolutionGuid = {F3DD2F9B-F8D9-4FDF-B91E-62EE87B3DA23}
	EndGlobalSection
EndGlobal
